
Microsoft Visual Studio Solution File, Format Version 12.00
# Visual Studio Version 16
VisualStudioVersion = 16.0.31402.337
MinimumVisualStudioVersion = 10.0.40219.1
Project("{FAE04EC0-301F-11D3-BF4B-00C04F79EFBC}") = "InheritanceSafe", "InheritanceSafe\InheritanceSafe.csproj", "{3CA3A9C0-47DF-47DE-B60B-99274615E4AE}"
EndProject
Global
	GlobalSection(SolutionConfigurationPlatforms) = preSolution
		Debug|Any CPU = Debug|Any CPU
		Release|Any CPU = Release|Any CPU
	EndGlobalSection
	GlobalSection(ProjectConfigurationPlatforms) = postSolution
		{3CA3A9C0-47DF-47DE-B60B-99274615E4AE}.Debug|Any CPU.ActiveCfg = Debug|Any CPU
		{3CA3A9C0-47DF-47DE-B60B-99274615E4AE}.Debug|Any CPU.Build.0 = Debug|Any CPU
		{3CA3A9C0-47DF-47DE-B60B-99274615E4AE}.Release|Any CPU.ActiveCfg = Release|Any CPU
		{3CA3A9C0-47DF-47DE-B60B-99274615E4AE}.Release|Any CPU.Build.0 = Release|Any CPU
	EndGlobalSection
	GlobalSection(SolutionProperties) = preSolution
		HideSolutionNode = FALSE
	EndGlobalSection
	GlobalSection(ExtensibilityGlobals) = postSolution
		SolutionGuid = {94EBBF3B-ECAF-4752-94B6-7645A4B74830}
	EndGlobalSection
EndGlobal
